
Microsoft Visual Studio Solution File, Format Version 12.00
Project("{FAE04EC0-301F-11D3-BF4B-00C04F79EFBC}") = "Nub.Core", "Nub.Core\Nub.Core.csproj", "{386B46FA-9692-4883-8B03-08D0449E6E4E}"
EndProject
Global
	GlobalSection(SolutionConfigurationPlatforms) = preSolution
		Debug|Any CPU = Debug|Any CPU
		Release|Any CPU = Release|Any CPU
	EndGlobalSection
	GlobalSection(ProjectConfigurationPlatforms) = postSolution
		{386B46FA-9692-4883-8B03-08D0449E6E4E}.Debug|Any CPU.ActiveCfg = Debug|Any CPU
		{386B46FA-9692-4883-8B03-08D0449E6E4E}.Debug|Any CPU.Build.0 = Debug|Any CPU
		{386B46FA-9692-4883-8B03-08D0449E6E4E}.Release|Any CPU.ActiveCfg = Release|Any CPU
		{386B46FA-9692-4883-8B03-08D0449E6E4E}.Release|Any CPU.Build.0 = Release|Any CPU
	EndGlobalSection
EndGlobal
